
Microsoft Visual Studio Solution File, Format Version 12.00
# Visual Studio 15
VisualStudioVersion = 15.0.28307.902
MinimumVisualStudioVersion = 10.0.40219.1
Project("{FAE04EC0-301F-11D3-BF4B-00C04F79EFBC}") = "task3", "task3\task3.csproj", "{0B5E1CA2-01F9-44FE-958A-6B444156D30A}"
EndProject
Global
	GlobalSection(SolutionConfigurationPlatforms) = preSolution
		Debug|Any CPU = Debug|Any CPU
		Release|Any CPU = Release|Any CPU
	EndGlobalSection
	GlobalSection(ProjectConfigurationPlatforms) = postSolution
		{0B5E1CA2-01F9-44FE-958A-6B444156D30A}.Debug|Any CPU.ActiveCfg = Debug|Any CPU
		{0B5E1CA2-01F9-44FE-958A-6B444156D30A}.Debug|Any CPU.Build.0 = Debug|Any CPU
		{0B5E1CA2-01F9-44FE-958A-6B444156D30A}.Release|Any CPU.ActiveCfg = Release|Any CPU
		{0B5E1CA2-01F9-44FE-958A-6B444156D30A}.Release|Any CPU.Build.0 = Release|Any CPU
	EndGlobalSection
	GlobalSection(SolutionProperties) = preSolution
		HideSolutionNode = FALSE
	EndGlobalSection
	GlobalSection(ExtensibilityGlobals) = postSolution
		SolutionGuid = {97AA4B56-BF2E-468E-AE18-52011F123CE9}
	EndGlobalSection
EndGlobal
